{
    "_readme": [
        "This file locks the dependencies of your project to a known state",
        "Read more about it at https://getcomposer.org/doc/01-basic-usage.md#installing-dependencies",
        "This file is @generated automatically"
    ],
    "content-hash": "bcff226c9c296e7c7c9ac2cb6439b706",
    "packages": [],
    "packages-dev": [],
    "aliases": [],
    "minimum-stability": "stable",
    "stability-flags": [],
    "prefer-stable": false,
    "prefer-lowest": false,
    "platform": {
        "php": "~8.1.7",
        "ext-mbstring": "*"
    },
    "platform-dev": [],
    "platform-overrides": {
        "php": "8.1.7"
    },
    "plugin-api-version": "2.3.0"
}
